
Microsoft Visual Studio Solution File, Format Version 12.00
# Visual Studio 15
VisualStudioVersion = 15.0.27130.2020
MinimumVisualStudioVersion = 10.0.40219.1
Project("{FAE04EC0-301F-11D3-BF4B-00C04F79EFBC}") = "GBCDecompiler", "GBCDecompiler\GBCDecompiler.csproj", "{48C99FC1-F2FD-4364-AD8C-53721FBE42ED}"
EndProject
Global
	GlobalSection(SolutionConfigurationPlatforms) = preSolution
		Debug|Any CPU = Debug|Any CPU
		Release|Any CPU = Release|Any CPU
	EndGlobalSection
	GlobalSection(ProjectConfigurationPlatforms) = postSolution
		{48C99FC1-F2FD-4364-AD8C-53721FBE42ED}.Debug|Any CPU.ActiveCfg = Debug|Any CPU
		{48C99FC1-F2FD-4364-AD8C-53721FBE42ED}.Debug|Any CPU.Build.0 = Debug|Any CPU
		{48C99FC1-F2FD-4364-AD8C-53721FBE42ED}.Release|Any CPU.ActiveCfg = Release|Any CPU
		{48C99FC1-F2FD-4364-AD8C-53721FBE42ED}.Release|Any CPU.Build.0 = Release|Any CPU
	EndGlobalSection
	GlobalSection(SolutionProperties) = preSolution
		HideSolutionNode = FALSE
	EndGlobalSection
	GlobalSection(ExtensibilityGlobals) = postSolution
		SolutionGuid = {047EC356-B764-4B28-8B81-8A03BBD3D2EA}
	EndGlobalSection
EndGlobal
